
Microsoft Visual Studio Solution File, Format Version 12.00
# Visual Studio 15
VisualStudioVersion = 15.0.27428.2037
MinimumVisualStudioVersion = 10.0.40219.1
Project("{FAE04EC0-301F-11D3-BF4B-00C04F79EFBC}") = "WarriorBattle.Core", "WarriorBattle.Core\WarriorBattle.Core.csproj", "{737657A9-84DD-47D9-83A0-34DBF396BC58}"
EndProject
Global
	GlobalSection(SolutionConfigurationPlatforms) = preSolution
		Debug|Any CPU = Debug|Any CPU
		Release|Any CPU = Release|Any CPU
	EndGlobalSection
	GlobalSection(ProjectConfigurationPlatforms) = postSolution
		{737657A9-84DD-47D9-83A0-34DBF396BC58}.Debug|Any CPU.ActiveCfg = Debug|Any CPU
		{737657A9-84DD-47D9-83A0-34DBF396BC58}.Debug|Any CPU.Build.0 = Debug|Any CPU
		{737657A9-84DD-47D9-83A0-34DBF396BC58}.Release|Any CPU.ActiveCfg = Release|Any CPU
		{737657A9-84DD-47D9-83A0-34DBF396BC58}.Release|Any CPU.Build.0 = Release|Any CPU
	EndGlobalSection
	GlobalSection(SolutionProperties) = preSolution
		HideSolutionNode = FALSE
	EndGlobalSection
	GlobalSection(ExtensibilityGlobals) = postSolution
		SolutionGuid = {FDD18FF4-0A3C-40C2-93F9-AF4480F9A9E5}
	EndGlobalSection
EndGlobal
